
Microsoft Visual Studio Solution File, Format Version 12.00
Project("{FAE04EC0-301F-11D3-BF4B-00C04F79EFBC}") = "BookStore", "BookStore\BookStore.csproj", "{468E71CF-5D77-4996-85A9-611BE4FF80DF}"
EndProject
Project("{FAE04EC0-301F-11D3-BF4B-00C04F79EFBC}") = "DataAccess", "DataAccess\DataAccess.csproj", "{0491C5E4-102C-4875-9833-1DB6ACCF475F}"
EndProject
Project("{FAE04EC0-301F-11D3-BF4B-00C04F79EFBC}") = "BusinessLayer", "BusinessLayer\BusinessLayer.csproj", "{17152303-CECD-4878-9551-58FE5785B221}"
EndProject
Global
	GlobalSection(SolutionConfigurationPlatforms) = preSolution
		Debug|Any CPU = Debug|Any CPU
		Release|Any CPU = Release|Any CPU
	EndGlobalSection
	GlobalSection(ProjectConfigurationPlatforms) = postSolution
		{468E71CF-5D77-4996-85A9-611BE4FF80DF}.Debug|Any CPU.ActiveCfg = Debug|Any CPU
		{468E71CF-5D77-4996-85A9-611BE4FF80DF}.Debug|Any CPU.Build.0 = Debug|Any CPU
		{468E71CF-5D77-4996-85A9-611BE4FF80DF}.Release|Any CPU.ActiveCfg = Release|Any CPU
		{468E71CF-5D77-4996-85A9-611BE4FF80DF}.Release|Any CPU.Build.0 = Release|Any CPU
		{0491C5E4-102C-4875-9833-1DB6ACCF475F}.Debug|Any CPU.ActiveCfg = Debug|Any CPU
		{0491C5E4-102C-4875-9833-1DB6ACCF475F}.Debug|Any CPU.Build.0 = Debug|Any CPU
		{0491C5E4-102C-4875-9833-1DB6ACCF475F}.Release|Any CPU.ActiveCfg = Release|Any CPU
		{0491C5E4-102C-4875-9833-1DB6ACCF475F}.Release|Any CPU.Build.0 = Release|Any CPU
		{17152303-CECD-4878-9551-58FE5785B221}.Debug|Any CPU.ActiveCfg = Debug|Any CPU
		{17152303-CECD-4878-9551-58FE5785B221}.Debug|Any CPU.Build.0 = Debug|Any CPU
		{17152303-CECD-4878-9551-58FE5785B221}.Release|Any CPU.ActiveCfg = Release|Any CPU
		{17152303-CECD-4878-9551-58FE5785B221}.Release|Any CPU.Build.0 = Release|Any CPU
	EndGlobalSection
EndGlobal
